
Microsoft Visual Studio Solution File, Format Version 12.00
# Visual Studio 14
VisualStudioVersion = 14.0.25420.1
MinimumVisualStudioVersion = 10.0.40219.1
Project("{FAE04EC0-301F-11D3-BF4B-00C04F79EFBC}") = "PopupSampleApp", "PopupSampleApp\PopupSampleApp\PopupSampleApp.csproj", "{BECF4B1B-9B0D-41F0-BB40-4181CE2689C5}"
EndProject
Project("{FAE04EC0-301F-11D3-BF4B-00C04F79EFBC}") = "PopupSampleApp.Droid", "PopupSampleApp\PopupSampleApp.Droid\PopupSampleApp.Droid.csproj", "{6E79C6EB-0EDC-4439-BF48-F3A01A3B677E}"
EndProject
Project("{FAE04EC0-301F-11D3-BF4B-00C04F79EFBC}") = "PopupSampleApp.iOS", "PopupSampleApp\PopupSampleApp.iOS\PopupSampleApp.iOS.csproj", "{9E8E192D-1075-4C61-B553-64EC0E1DB7FA}"
EndProject
Project("{FAE04EC0-301F-11D3-BF4B-00C04F79EFBC}") = "PopupSampleApp.UWP", "PopupSampleApp\PopupSampleApp.UWP\PopupSampleApp.UWP.csproj", "{E5B8C87E-8D35-402A-B6EE-FD4A4C96395A}"
EndProject
Global
	GlobalSection(SolutionConfigurationPlatforms) = preSolution
		Ad-Hoc|Any CPU = Ad-Hoc|Any CPU
		Ad-Hoc|ARM = Ad-Hoc|ARM
		Ad-Hoc|iPhone = Ad-Hoc|iPhone
		Ad-Hoc|iPhoneSimulator = Ad-Hoc|iPhoneSimulator
		Ad-Hoc|x64 = Ad-Hoc|x64
		Ad-Hoc|x86 = Ad-Hoc|x86
		AppStore|Any CPU = AppStore|Any CPU
		AppStore|ARM = AppStore|ARM
		AppStore|iPhone = AppStore|iPhone
		AppStore|iPhoneSimulator = AppStore|iPhoneSimulator
		AppStore|x64 = AppStore|x64
		AppStore|x86 = AppStore|x86
		Debug|Any CPU = Debug|Any CPU
		Debug|ARM = Debug|ARM
		Debug|iPhone = Debug|iPhone
		Debug|iPhoneSimulator = Debug|iPhoneSimulator
		Debug|x64 = Debug|x64
		Debug|x86 = Debug|x86
		Release|Any CPU = Release|Any CPU
		Release|ARM = Release|ARM
		Release|iPhone = Release|iPhone
		Release|iPhoneSimulator = Release|iPhoneSimulator
		Release|x64 = Release|x64
		Release|x86 = Release|x86
	EndGlobalSection
	GlobalSection(ProjectConfigurationPlatforms) = postSolution
		{BECF4B1B-9B0D-41F0-BB40-4181CE2689C5}.Ad-Hoc|Any CPU.ActiveCfg = Release|Any CPU
		{BECF4B1B-9B0D-41F0-BB40-4181CE2689C5}.Ad-Hoc|Any CPU.Build.0 = Release|Any CPU
		{BECF4B1B-9B0D-41F0-BB40-4181CE2689C5}.Ad-Hoc|ARM.ActiveCfg = Release|Any CPU
		{BECF4B1B-9B0D-41F0-BB40-4181CE2689C5}.Ad-Hoc|ARM.Build.0 = Release|Any CPU
		{BECF4B1B-9B0D-41F0-BB40-4181CE2689C5}.Ad-Hoc|iPhone.ActiveCfg = Release|Any CPU
		{BECF4B1B-9B0D-41F0-BB40-4181CE2689C5}.Ad-Hoc|iPhone.Build.0 = Release|Any CPU
		{BECF4B1B-9B0D-41F0-BB40-4181CE2689C5}.Ad-Hoc|iPhoneSimulator.ActiveCfg = Release|Any CPU
		{BECF4B1B-9B0D-41F0-BB40-4181CE2689C5}.Ad-Hoc|iPhoneSimulator.Build.0 = Release|Any CPU
		{BECF4B1B-9B0D-41F0-BB40-4181CE2689C5}.Ad-Hoc|x64.ActiveCfg = Release|Any CPU
		{BECF4B1B-9B0D-41F0-BB40-4181CE2689C5}.Ad-Hoc|x64.Build.0 = Release|Any CPU
		{BECF4B1B-9B0D-41F0-BB40-4181CE2689C5}.Ad-Hoc|x86.ActiveCfg = Release|Any CPU
		{BECF4B1B-9B0D-41F0-BB40-4181CE2689C5}.Ad-Hoc|x86.Build.0 = Release|Any CPU
		{BECF4B1B-9B0D-41F0-BB40-4181CE2689C5}.AppStore|Any CPU.ActiveCfg = Release|Any CPU
		{BECF4B1B-9B0D-41F0-BB40-4181CE2689C5}.AppStore|Any CPU.Build.0 = Release|Any CPU
		{BECF4B1B-9B0D-41F0-BB40-4181CE2689C5}.AppStore|ARM.ActiveCfg = Release|Any CPU
		{BECF4B1B-9B0D-41F0-BB40-4181CE2689C5}.AppStore|ARM.Build.0 = Release|Any CPU
		{BECF4B1B-9B0D-41F0-BB40-4181CE2689C5}.AppStore|iPhone.ActiveCfg = Release|Any CPU
		{BECF4B1B-9B0D-41F0-BB40-4181CE2689C5}.AppStore|iPhone.Build.0 = Release|Any CPU
		{BECF4B1B-9B0D-41F0-BB40-4181CE2689C5}.AppStore|iPhoneSimulator.ActiveCfg = Release|Any CPU
		{BECF4B1B-9B0D-41F0-BB40-4181CE2689C5}.AppStore|iPhoneSimulator.Build.0 = Release|Any CPU
		{BECF4B1B-9B0D-41F0-BB40-4181CE2689C5}.AppStore|x64.ActiveCfg = Release|Any CPU
		{BECF4B1B-9B0D-41F0-BB40-4181CE2689C5}.AppStore|x64.Build.0 = Release|Any CPU
		{BECF4B1B-9B0D-41F0-BB40-4181CE2689C5}.AppStore|x86.ActiveCfg = Release|Any CPU
		{BECF4B1B-9B0D-41F0-BB40-4181CE2689C5}.AppStore|x86.Build.0 = Release|Any CPU
		{BECF4B1B-9B0D-41F0-BB40-4181CE2689C5}.Debug|Any CPU.ActiveCfg = Debug|Any CPU
		{BECF4B1B-9B0D-41F0-BB40-4181CE2689C5}.Debug|Any CPU.Build.0 = Debug|Any CPU
		{BECF4B1B-9B0D-41F0-BB40-4181CE2689C5}.Debug|ARM.ActiveCfg = Debug|Any CPU
		{BECF4B1B-9B0D-41F0-BB40-4181CE2689C5}.Debug|ARM.Build.0 = Debug|Any CPU
		{BECF4B1B-9B0D-41F0-BB40-4181CE2689C5}.Debug|iPhone.ActiveCfg = Debug|Any CPU
		{BECF4B1B-9B0D-41F0-BB40-4181CE2689C5}.Debug|iPhone.Build.0 = Debug|Any CPU
		{BECF4B1B-9B0D-41F0-BB40-4181CE2689C5}.Debug|iPhoneSimulator.ActiveCfg = Debug|Any CPU
		{BECF4B1B-9B0D-41F0-BB40-4181CE2689C5}.Debug|iPhoneSimulator.Build.0 = Debug|Any CPU
		{BECF4B1B-9B0D-41F0-BB40-4181CE2689C5}.Debug|x64.ActiveCfg = Debug|Any CPU
		{BECF4B1B-9B0D-41F0-BB40-4181CE2689C5}.Debug|x64.Build.0 = Debug|Any CPU
		{BECF4B1B-9B0D-41F0-BB40-4181CE2689C5}.Debug|x86.ActiveCfg = Debug|Any CPU
		{BECF4B1B-9B0D-41F0-BB40-4181CE2689C5}.Debug|x86.Build.0 = Debug|Any CPU
		{BECF4B1B-9B0D-41F0-BB40-4181CE2689C5}.Release|Any CPU.ActiveCfg = Release|Any CPU
		{BECF4B1B-9B0D-41F0-BB40-4181CE2689C5}.Release|Any CPU.Build.0 = Release|Any CPU
		{BECF4B1B-9B0D-41F0-BB40-4181CE2689C5}.Release|ARM.ActiveCfg = Release|Any CPU
		{BECF4B1B-9B0D-41F0-BB40-4181CE2689C5}.Release|ARM.Build.0 = Release|Any CPU
		{BECF4B1B-9B0D-41F0-BB40-4181CE2689C5}.Release|iPhone.ActiveCfg = Release|Any CPU
		{BECF4B1B-9B0D-41F0-BB40-4181CE2689C5}.Release|iPhone.Build.0 = Release|Any CPU
		{BECF4B1B-9B0D-41F0-BB40-4181CE2689C5}.Release|iPhoneSimulator.ActiveCfg = Release|Any CPU
		{BECF4B1B-9B0D-41F0-BB40-4181CE2689C5}.Release|iPhoneSimulator.Build.0 = Release|Any CPU
		{BECF4B1B-9B0D-41F0-BB40-4181CE2689C5}.Release|x64.ActiveCfg = Release|Any CPU
		{BECF4B1B-9B0D-41F0-BB40-4181CE2689C5}.Release|x64.Build.0 = Release|Any CPU
		{BECF4B1B-9B0D-41F0-BB40-4181CE2689C5}.Release|x86.ActiveCfg = Release|Any CPU
		{BECF4B1B-9B0D-41F0-BB40-4181CE2689C5}.Release|x86.Build.0 = Release|Any CPU
		{6E79C6EB-0EDC-4439-BF48-F3A01A3B677E}.Ad-Hoc|Any CPU.ActiveCfg = Release|Any CPU
		{6E79C6EB-0EDC-4439-BF48-F3A01A3B677E}.Ad-Hoc|Any CPU.Build.0 = Release|Any CPU
		{6E79C6EB-0EDC-4439-BF48-F3A01A3B677E}.Ad-Hoc|Any CPU.Deploy.0 = Release|Any CPU
		{6E79C6EB-0EDC-4439-BF48-F3A01A3B677E}.Ad-Hoc|ARM.ActiveCfg = Release|Any CPU
		{6E79C6EB-0EDC-4439-BF48-F3A01A3B677E}.Ad-Hoc|ARM.Build.0 = Release|Any CPU
		{6E79C6EB-0EDC-4439-BF48-F3A01A3B677E}.Ad-Hoc|ARM.Deploy.0 = Release|Any CPU
		{6E79C6EB-0EDC-4439-BF48-F3A01A3B677E}.Ad-Hoc|iPhone.ActiveCfg = Release|Any CPU
		{6E79C6EB-0EDC-4439-BF48-F3A01A3B677E}.Ad-Hoc|iPhone.Build.0 = Release|Any CPU
		{6E79C6EB-0EDC-4439-BF48-F3A01A3B677E}.Ad-Hoc|iPhone.Deploy.0 = Release|Any CPU
		{6E79C6EB-0EDC-4439-BF48-F3A01A3B677E}.Ad-Hoc|iPhoneSimulator.ActiveCfg = Release|Any CPU
		{6E79C6EB-0EDC-4439-BF48-F3A01A3B677E}.Ad-Hoc|iPhoneSimulator.Build.0 = Release|Any CPU
		{6E79C6EB-0EDC-4439-BF48-F3A01A3B677E}.Ad-Hoc|iPhoneSimulator.Deploy.0 = Release|Any CPU
		{6E79C6EB-0EDC-4439-BF48-F3A01A3B677E}.Ad-Hoc|x64.ActiveCfg = Release|Any CPU
		{6E79C6EB-0EDC-4439-BF48-F3A01A3B677E}.Ad-Hoc|x64.Build.0 = Release|Any CPU
		{6E79C6EB-0EDC-4439-BF48-F3A01A3B677E}.Ad-Hoc|x64.Deploy.0 = Release|Any CPU
		{6E79C6EB-0EDC-4439-BF48-F3A01A3B677E}.Ad-Hoc|x86.ActiveCfg = Release|Any CPU
		{6E79C6EB-0EDC-4439-BF48-F3A01A3B677E}.Ad-Hoc|x86.Build.0 = Release|Any CPU
		{6E79C6EB-0EDC-4439-BF48-F3A01A3B677E}.Ad-Hoc|x86.Deploy.0 = Release|Any CPU
		{6E79C6EB-0EDC-4439-BF48-F3A01A3B677E}.AppStore|Any CPU.ActiveCfg = Release|Any CPU
		{6E79C6EB-0EDC-4439-BF48-F3A01A3B677E}.AppStore|Any CPU.Build.0 = Release|Any CPU
		{6E79C6EB-0EDC-4439-BF48-F3A01A3B677E}.AppStore|Any CPU.Deploy.0 = Release|Any CPU
		{6E79C6EB-0EDC-4439-BF48-F3A01A3B677E}.AppStore|ARM.ActiveCfg = Release|Any CPU
		{6E79C6EB-0EDC-4439-BF48-F3A01A3B677E}.AppStore|ARM.Build.0 = Release|Any CPU
		{6E79C6EB-0EDC-4439-BF48-F3A01A3B677E}.AppStore|ARM.Deploy.0 = Release|Any CPU
		{6E79C6EB-0EDC-4439-BF48-F3A01A3B677E}.AppStore|iPhone.ActiveCfg = Release|Any CPU
		{6E79C6EB-0EDC-4439-BF48-F3A01A3B677E}.AppStore|iPhone.Build.0 = Release|Any CPU
		{6E79C6EB-0EDC-4439-BF48-F3A01A3B677E}.AppStore|iPhone.Deploy.0 = Release|Any CPU
		{6E79C6EB-0EDC-4439-BF48-F3A01A3B677E}.AppStore|iPhoneSimulator.ActiveCfg = Release|Any CPU
		{6E79C6EB-0EDC-4439-BF48-F3A01A3B677E}.AppStore|iPhoneSimulator.Build.0 = Release|Any CPU
		{6E79C6EB-0EDC-4439-BF48-F3A01A3B677E}.AppStore|iPhoneSimulator.Deploy.0 = Release|Any CPU
		{6E79C6EB-0EDC-4439-BF48-F3A01A3B677E}.AppStore|x64.ActiveCfg = Release|Any CPU
		{6E79C6EB-0EDC-4439-BF48-F3A01A3B677E}.AppStore|x64.Build.0 = Release|Any CPU
		{6E79C6EB-0EDC-4439-BF48-F3A01A3B677E}.AppStore|x64.Deploy.0 = Release|Any CPU
		{6E79C6EB-0EDC-4439-BF48-F3A01A3B677E}.AppStore|x86.ActiveCfg = Release|Any CPU
		{6E79C6EB-0EDC-4439-BF48-F3A01A3B677E}.AppStore|x86.Build.0 = Release|Any CPU
		{6E79C6EB-0EDC-4439-BF48-F3A01A3B677E}.AppStore|x86.Deploy.0 = Release|Any CPU
		{6E79C6EB-0EDC-4439-BF48-F3A01A3B677E}.Debug|Any CPU.ActiveCfg = Debug|Any CPU
		{6E79C6EB-0EDC-4439-BF48-F3A01A3B677E}.Debug|Any CPU.Build.0 = Debug|Any CPU
		{6E79C6EB-0EDC-4439-BF48-F3A01A3B677E}.Debug|Any CPU.Deploy.0 = Debug|Any CPU
		{6E79C6EB-0EDC-4439-BF48-F3A01A3B677E}.Debug|ARM.ActiveCfg = Debug|Any CPU
		{6E79C6EB-0EDC-4439-BF48-F3A01A3B677E}.Debug|ARM.Build.0 = Debug|Any CPU
		{6E79C6EB-0EDC-4439-BF48-F3A01A3B677E}.Debug|ARM.Deploy.0 = Debug|Any CPU
		{6E79C6EB-0EDC-4439-BF48-F3A01A3B677E}.Debug|iPhone.ActiveCfg = Debug|Any CPU
		{6E79C6EB-0EDC-4439-BF48-F3A01A3B677E}.Debug|iPhone.Build.0 = Debug|Any CPU
		{6E79C6EB-0EDC-4439-BF48-F3A01A3B677E}.Debug|iPhone.Deploy.0 = Debug|Any CPU
		{6E79C6EB-0EDC-4439-BF48-F3A01A3B677E}.Debug|iPhoneSimulator.ActiveCfg = Debug|Any CPU
		{6E79C6EB-0EDC-4439-BF48-F3A01A3B677E}.Debug|iPhoneSimulator.Build.0 = Debug|Any CPU
		{6E79C6EB-0EDC-4439-BF48-F3A01A3B677E}.Debug|iPhoneSimulator.Deploy.0 = Debug|Any CPU
		{6E79C6EB-0EDC-4439-BF48-F3A01A3B677E}.Debug|x64.ActiveCfg = Debug|Any CPU
		{6E79C6EB-0EDC-4439-BF48-F3A01A3B677E}.Debug|x64.Build.0 = Debug|Any CPU
		{6E79C6EB-0EDC-4439-BF48-F3A01A3B677E}.Debug|x64.Deploy.0 = Debug|Any CPU
		{6E79C6EB-0EDC-4439-BF48-F3A01A3B677E}.Debug|x86.ActiveCfg = Debug|Any CPU
		{6E79C6EB-0EDC-4439-BF48-F3A01A3B677E}.Debug|x86.Build.0 = Debug|Any CPU
		{6E79C6EB-0EDC-4439-BF48-F3A01A3B677E}.Debug|x86.Deploy.0 = Debug|Any CPU
		{6E79C6EB-0EDC-4439-BF48-F3A01A3B677E}.Release|Any CPU.ActiveCfg = Release|Any CPU
		{6E79C6EB-0EDC-4439-BF48-F3A01A3B677E}.Release|Any CPU.Build.0 = Release|Any CPU
		{6E79C6EB-0EDC-4439-BF48-F3A01A3B677E}.Release|Any CPU.Deploy.0 = Release|Any CPU
		{6E79C6EB-0EDC-4439-BF48-F3A01A3B677E}.Release|ARM.ActiveCfg = Release|Any CPU
		{6E79C6EB-0EDC-4439-BF48-F3A01A3B677E}.Release|ARM.Build.0 = Release|Any CPU
		{6E79C6EB-0EDC-4439-BF48-F3A01A3B677E}.Release|ARM.Deploy.0 = Release|Any CPU
		{6E79C6EB-0EDC-4439-BF48-F3A01A3B677E}.Release|iPhone.ActiveCfg = Release|Any CPU
		{6E79C6EB-0EDC-4439-BF48-F3A01A3B677E}.Release|iPhone.Build.0 = Release|Any CPU
		{6E79C6EB-0EDC-4439-BF48-F3A01A3B677E}.Release|iPhone.Deploy.0 = Release|Any CPU
		{6E79C6EB-0EDC-4439-BF48-F3A01A3B677E}.Release|iPhoneSimulator.ActiveCfg = Release|Any CPU
		{6E79C6EB-0EDC-4439-BF48-F3A01A3B677E}.Release|iPhoneSimulator.Build.0 = Release|Any CPU
		{6E79C6EB-0EDC-4439-BF48-F3A01A3B677E}.Release|iPhoneSimulator.Deploy.0 = Release|Any CPU
		{6E79C6EB-0EDC-4439-BF48-F3A01A3B677E}.Release|x64.ActiveCfg = Release|Any CPU
		{6E79C6EB-0EDC-4439-BF48-F3A01A3B677E}.Release|x64.Build.0 = Release|Any CPU
		{6E79C6EB-0EDC-4439-BF48-F3A01A3B677E}.Release|x64.Deploy.0 = Release|Any CPU
		{6E79C6EB-0EDC-4439-BF48-F3A01A3B677E}.Release|x86.ActiveCfg = Release|Any CPU
		{6E79C6EB-0EDC-4439-BF48-F3A01A3B677E}.Release|x86.Build.0 = Release|Any CPU
		{6E79C6EB-0EDC-4439-BF48-F3A01A3B677E}.Release|x86.Deploy.0 = Release|Any CPU
		{9E8E192D-1075-4C61-B553-64EC0E1DB7FA}.Ad-Hoc|Any CPU.ActiveCfg = Ad-Hoc|iPhone
		{9E8E192D-1075-4C61-B553-64EC0E1DB7FA}.Ad-Hoc|ARM.ActiveCfg = Ad-Hoc|iPhone
		{9E8E192D-1075-4C61-B553-64EC0E1DB7FA}.Ad-Hoc|iPhone.ActiveCfg = Ad-Hoc|iPhone
		{9E8E192D-1075-4C61-B553-64EC0E1DB7FA}.Ad-Hoc|iPhone.Build.0 = Ad-Hoc|iPhone
		{9E8E192D-1075-4C61-B553-64EC0E1DB7FA}.Ad-Hoc|iPhoneSimulator.ActiveCfg = Ad-Hoc|iPhoneSimulator
		{9E8E192D-1075-4C61-B553-64EC0E1DB7FA}.Ad-Hoc|iPhoneSimulator.Build.0 = Ad-Hoc|iPhoneSimulator
		{9E8E192D-1075-4C61-B553-64EC0E1DB7FA}.Ad-Hoc|x64.ActiveCfg = Ad-Hoc|iPhone
		{9E8E192D-1075-4C61-B553-64EC0E1DB7FA}.Ad-Hoc|x86.ActiveCfg = Ad-Hoc|iPhone
		{9E8E192D-1075-4C61-B553-64EC0E1DB7FA}.AppStore|Any CPU.ActiveCfg = AppStore|iPhone
		{9E8E192D-1075-4C61-B553-64EC0E1DB7FA}.AppStore|ARM.ActiveCfg = AppStore|iPhone
		{9E8E192D-1075-4C61-B553-64EC0E1DB7FA}.AppStore|iPhone.ActiveCfg = AppStore|iPhone
		{9E8E192D-1075-4C61-B553-64EC0E1DB7FA}.AppStore|iPhone.Build.0 = AppStore|iPhone
		{9E8E192D-1075-4C61-B553-64EC0E1DB7FA}.AppStore|iPhoneSimulator.ActiveCfg = AppStore|iPhoneSimulator
		{9E8E192D-1075-4C61-B553-64EC0E1DB7FA}.AppStore|iPhoneSimulator.Build.0 = AppStore|iPhoneSimulator
		{9E8E192D-1075-4C61-B553-64EC0E1DB7FA}.AppStore|x64.ActiveCfg = AppStore|iPhone
		{9E8E192D-1075-4C61-B553-64EC0E1DB7FA}.AppStore|x86.ActiveCfg = AppStore|iPhone
		{9E8E192D-1075-4C61-B553-64EC0E1DB7FA}.Debug|Any CPU.ActiveCfg = Debug|iPhone
		{9E8E192D-1075-4C61-B553-64EC0E1DB7FA}.Debug|ARM.ActiveCfg = Debug|iPhone
		{9E8E192D-1075-4C61-B553-64EC0E1DB7FA}.Debug|iPhone.ActiveCfg = Debug|iPhone
		{9E8E192D-1075-4C61-B553-64EC0E1DB7FA}.Debug|iPhone.Build.0 = Debug|iPhone
		{9E8E192D-1075-4C61-B553-64EC0E1DB7FA}.Debug|iPhoneSimulator.ActiveCfg = Debug|iPhoneSimulator
		{9E8E192D-1075-4C61-B553-64EC0E1DB7FA}.Debug|iPhoneSimulator.Build.0 = Debug|iPhoneSimulator
		{9E8E192D-1075-4C61-B553-64EC0E1DB7FA}.Debug|x64.ActiveCfg = Debug|iPhone
		{9E8E192D-1075-4C61-B553-64EC0E1DB7FA}.Debug|x86.ActiveCfg = Debug|iPhone
		{9E8E192D-1075-4C61-B553-64EC0E1DB7FA}.Release|Any CPU.ActiveCfg = Release|iPhone
		{9E8E192D-1075-4C61-B553-64EC0E1DB7FA}.Release|ARM.ActiveCfg = Release|iPhone
		{9E8E192D-1075-4C61-B553-64EC0E1DB7FA}.Release|iPhone.ActiveCfg = Release|iPhone
		{9E8E192D-1075-4C61-B553-64EC0E1DB7FA}.Release|iPhone.Build.0 = Release|iPhone
		{9E8E192D-1075-4C61-B553-64EC0E1DB7FA}.Release|iPhoneSimulator.ActiveCfg = Release|iPhoneSimulator
		{9E8E192D-1075-4C61-B553-64EC0E1DB7FA}.Release|iPhoneSimulator.Build.0 = Release|iPhoneSimulator
		{9E8E192D-1075-4C61-B553-64EC0E1DB7FA}.Release|x64.ActiveCfg = Release|iPhone
		{9E8E192D-1075-4C61-B553-64EC0E1DB7FA}.Release|x86.ActiveCfg = Release|iPhone
		{E5B8C87E-8D35-402A-B6EE-FD4A4C96395A}.Ad-Hoc|Any CPU.ActiveCfg = Release|x86
		{E5B8C87E-8D35-402A-B6EE-FD4A4C96395A}.Ad-Hoc|Any CPU.Build.0 = Release|x86
		{E5B8C87E-8D35-402A-B6EE-FD4A4C96395A}.Ad-Hoc|Any CPU.Deploy.0 = Release|x86
		{E5B8C87E-8D35-402A-B6EE-FD4A4C96395A}.Ad-Hoc|ARM.ActiveCfg = Release|ARM
		{E5B8C87E-8D35-402A-B6EE-FD4A4C96395A}.Ad-Hoc|ARM.Build.0 = Release|ARM
		{E5B8C87E-8D35-402A-B6EE-FD4A4C96395A}.Ad-Hoc|ARM.Deploy.0 = Release|ARM
		{E5B8C87E-8D35-402A-B6EE-FD4A4C96395A}.Ad-Hoc|iPhone.ActiveCfg = Release|x86
		{E5B8C87E-8D35-402A-B6EE-FD4A4C96395A}.Ad-Hoc|iPhone.Build.0 = Release|x86
		{E5B8C87E-8D35-402A-B6EE-FD4A4C96395A}.Ad-Hoc|iPhone.Deploy.0 = Release|x86
		{E5B8C87E-8D35-402A-B6EE-FD4A4C96395A}.Ad-Hoc|iPhoneSimulator.ActiveCfg = Release|x86
		{E5B8C87E-8D35-402A-B6EE-FD4A4C96395A}.Ad-Hoc|iPhoneSimulator.Build.0 = Release|x86
		{E5B8C87E-8D35-402A-B6EE-FD4A4C96395A}.Ad-Hoc|iPhoneSimulator.Deploy.0 = Release|x86
		{E5B8C87E-8D35-402A-B6EE-FD4A4C96395A}.Ad-Hoc|x64.ActiveCfg = Release|x64
		{E5B8C87E-8D35-402A-B6EE-FD4A4C96395A}.Ad-Hoc|x64.Build.0 = Release|x64
		{E5B8C87E-8D35-402A-B6EE-FD4A4C96395A}.Ad-Hoc|x64.Deploy.0 = Release|x64
		{E5B8C87E-8D35-402A-B6EE-FD4A4C96395A}.Ad-Hoc|x86.ActiveCfg = Release|x86
		{E5B8C87E-8D35-402A-B6EE-FD4A4C96395A}.Ad-Hoc|x86.Build.0 = Release|x86
		{E5B8C87E-8D35-402A-B6EE-FD4A4C96395A}.Ad-Hoc|x86.Deploy.0 = Release|x86
		{E5B8C87E-8D35-402A-B6EE-FD4A4C96395A}.AppStore|Any CPU.ActiveCfg = Release|x86
		{E5B8C87E-8D35-402A-B6EE-FD4A4C96395A}.AppStore|Any CPU.Build.0 = Release|x86
		{E5B8C87E-8D35-402A-B6EE-FD4A4C96395A}.AppStore|Any CPU.Deploy.0 = Release|x86
		{E5B8C87E-8D35-402A-B6EE-FD4A4C96395A}.AppStore|ARM.ActiveCfg = Release|ARM
		{E5B8C87E-8D35-402A-B6EE-FD4A4C96395A}.AppStore|ARM.Build.0 = Release|ARM
		{E5B8C87E-8D35-402A-B6EE-FD4A4C96395A}.AppStore|ARM.Deploy.0 = Release|ARM
		{E5B8C87E-8D35-402A-B6EE-FD4A4C96395A}.AppStore|iPhone.ActiveCfg = Release|x86
		{E5B8C87E-8D35-402A-B6EE-FD4A4C96395A}.AppStore|iPhone.Build.0 = Release|x86
		{E5B8C87E-8D35-402A-B6EE-FD4A4C96395A}.AppStore|iPhone.Deploy.0 = Release|x86
		{E5B8C87E-8D35-402A-B6EE-FD4A4C96395A}.AppStore|iPhoneSimulator.ActiveCfg = Release|x86
		{E5B8C87E-8D35-402A-B6EE-FD4A4C96395A}.AppStore|iPhoneSimulator.Build.0 = Release|x86
		{E5B8C87E-8D35-402A-B6EE-FD4A4C96395A}.AppStore|iPhoneSimulator.Deploy.0 = Release|x86
		{E5B8C87E-8D35-402A-B6EE-FD4A4C96395A}.AppStore|x64.ActiveCfg = Release|x64
		{E5B8C87E-8D35-402A-B6EE-FD4A4C96395A}.AppStore|x64.Build.0 = Release|x64
		{E5B8C87E-8D35-402A-B6EE-FD4A4C96395A}.AppStore|x64.Deploy.0 = Release|x64
		{E5B8C87E-8D35-402A-B6EE-FD4A4C96395A}.AppStore|x86.ActiveCfg = Release|x86
		{E5B8C87E-8D35-402A-B6EE-FD4A4C96395A}.AppStore|x86.Build.0 = Release|x86
		{E5B8C87E-8D35-402A-B6EE-FD4A4C96395A}.AppStore|x86.Deploy.0 = Release|x86
		{E5B8C87E-8D35-402A-B6EE-FD4A4C96395A}.Debug|Any CPU.ActiveCfg = Debug|x86
		{E5B8C87E-8D35-402A-B6EE-FD4A4C96395A}.Debug|ARM.ActiveCfg = Debug|ARM
		{E5B8C87E-8D35-402A-B6EE-FD4A4C96395A}.Debug|ARM.Build.0 = Debug|ARM
		{E5B8C87E-8D35-402A-B6EE-FD4A4C96395A}.Debug|ARM.Deploy.0 = Debug|ARM
		{E5B8C87E-8D35-402A-B6EE-FD4A4C96395A}.Debug|iPhone.ActiveCfg = Debug|x86
		{E5B8C87E-8D35-402A-B6EE-FD4A4C96395A}.Debug|iPhoneSimulator.ActiveCfg = Debug|x86
		{E5B8C87E-8D35-402A-B6EE-FD4A4C96395A}.Debug|x64.ActiveCfg = Debug|x64
		{E5B8C87E-8D35-402A-B6EE-FD4A4C96395A}.Debug|x64.Build.0 = Debug|x64
		{E5B8C87E-8D35-402A-B6EE-FD4A4C96395A}.Debug|x64.Deploy.0 = Debug|x64
		{E5B8C87E-8D35-402A-B6EE-FD4A4C96395A}.Debug|x86.ActiveCfg = Debug|x86
		{E5B8C87E-8D35-402A-B6EE-FD4A4C96395A}.Debug|x86.Build.0 = Debug|x86
		{E5B8C87E-8D35-402A-B6EE-FD4A4C96395A}.Debug|x86.Deploy.0 = Debug|x86
		{E5B8C87E-8D35-402A-B6EE-FD4A4C96395A}.Release|Any CPU.ActiveCfg = Release|x86
		{E5B8C87E-8D35-402A-B6EE-FD4A4C96395A}.Release|ARM.ActiveCfg = Release|ARM
		{E5B8C87E-8D35-402A-B6EE-FD4A4C96395A}.Release|ARM.Build.0 = Release|ARM
		{E5B8C87E-8D35-402A-B6EE-FD4A4C96395A}.Release|ARM.Deploy.0 = Release|ARM
		{E5B8C87E-8D35-402A-B6EE-FD4A4C96395A}.Release|iPhone.ActiveCfg = Release|x86
		{E5B8C87E-8D35-402A-B6EE-FD4A4C96395A}.Release|iPhoneSimulator.ActiveCfg = Release|x86
		{E5B8C87E-8D35-402A-B6EE-FD4A4C96395A}.Release|x64.ActiveCfg = Release|x64
		{E5B8C87E-8D35-402A-B6EE-FD4A4C96395A}.Release|x64.Build.0 = Release|x64
		{E5B8C87E-8D35-402A-B6EE-FD4A4C96395A}.Release|x64.Deploy.0 = Release|x64
		{E5B8C87E-8D35-402A-B6EE-FD4A4C96395A}.Release|x86.ActiveCfg = Release|x86
		{E5B8C87E-8D35-402A-B6EE-FD4A4C96395A}.Release|x86.Build.0 = Release|x86
		{E5B8C87E-8D35-402A-B6EE-FD4A4C96395A}.Release|x86.Deploy.0 = Release|x86
	EndGlobalSection
	GlobalSection(SolutionProperties) = preSolution
		HideSolutionNode = FALSE
	EndGlobalSection
EndGlobal
